// !$*UTF8*$!
{
	archiveVersion = 1;
	classes = {
	};
	objectVersion = 46;
	objects = {

/* Begin PBXBuildFile section */
		08CD70391DACFA9A00E863F8 /* AppDelegate.swift in Sources */ = {isa = PBXBuildFile; fileRef = 08CD70381DACFA9A00E863F8 /* AppDelegate.swift */; };
		08CD703B1DACFA9A00E863F8 /* ViewController.swift in Sources */ = {isa = PBXBuildFile; fileRef = 08CD703A1DACFA9A00E863F8 /* ViewController.swift */; };
		08CD703E1DACFA9A00E863F8 /* Main.storyboard in Resources */ = {isa = PBXBuildFile; fileRef = 08CD703C1DACFA9A00E863F8 /* Main.storyboard */; };
		08CD70401DACFA9A00E863F8 /* Assets.xcassets in Resources */ = {isa = PBXBuildFile; fileRef = 08CD703F1DACFA9A00E863F8 /* Assets.xcassets */; };
		08CD70431DACFA9A00E863F8 /* LaunchScreen.storyboard in Resources */ = {isa = PBXBuildFile; fileRef = 08CD70411DACFA9A00E863F8 /* LaunchScreen.storyboard */; };
		08CD70501DACFC3100E863F8 /* My_CSViewController.swift in Sources */ = {isa = PBXBuildFile; fileRef = 08CD704F1DACFC3100E863F8 /* My_CSViewController.swift */; };
		08CD70521DACFC5B00E863F8 /* My_CSLoginViewController.swift in Sources */ = {isa = PBXBuildFile; fileRef = 08CD70511DACFC5B00E863F8 /* My_CSLoginViewController.swift */; };
		08CD70541DACFC7000E863F8 /* My_CSResgerViewController.swift in Sources */ = {isa = PBXBuildFile; fileRef = 08CD70531DACFC7000E863F8 /* My_CSResgerViewController.swift */; };
		08CD70561DACFE0600E863F8 /* My_CSHomeViewController.swift in Sources */ = {isa = PBXBuildFile; fileRef = 08CD70551DACFE0600E863F8 /* My_CSHomeViewController.swift */; };
		08CD70581DACFE5400E863F8 /* My_CSMessageViewController.swift in Sources */ = {isa = PBXBuildFile; fileRef = 08CD70571DACFE5400E863F8 /* My_CSMessageViewController.swift */; };
		08D6459B1DAD066000D64011 /* My_UITextField.swift in Sources */ = {isa = PBXBuildFile; fileRef = 08D6459A1DAD066000D64011 /* My_UITextField.swift */; };
		67BFF89B279DE847F28F5824 /* Pods_MyCodeShare.framework in Frameworks */ = {isa = PBXBuildFile; fileRef = 01FCA19FF7E4E3CFC5326EEC /* Pods_MyCodeShare.framework */; };
/* End PBXBuildFile section */

/* Begin PBXFileReference section */
		01FCA19FF7E4E3CFC5326EEC /* Pods_MyCodeShare.framework */ = {isa = PBXFileReference; explicitFileType = wrapper.framework; includeInIndex = 0; path = Pods_MyCodeShare.framework; sourceTree = BUILT_PRODUCTS_DIR; };
		08CD70351DACFA9900E863F8 /* MyCodeShare.app */ = {isa = PBXFileReference; explicitFileType = wrapper.application; includeInIndex = 0; path = MyCodeShare.app; sourceTree = BUILT_PRODUCTS_DIR; };
		08CD70381DACFA9A00E863F8 /* AppDelegate.swift */ = {isa = PBXFileReference; lastKnownFileType = sourcecode.swift; path = AppDelegate.swift; sourceTree = "<group>"; };
		08CD703A1DACFA9A00E863F8 /* ViewController.swift */ = {isa = PBXFileReference; lastKnownFileType = sourcecode.swift; path = ViewController.swift; sourceTree = "<group>"; };
		08CD703D1DACFA9A00E863F8 /* Base */ = {isa = PBXFileReference; lastKnownFileType = file.storyboard; name = Base; path = Base.lproj/Main.storyboard; sourceTree = "<group>"; };
		08CD703F1DACFA9A00E863F8 /* Assets.xcassets */ = {isa = PBXFileReference; lastKnownFileType = folder.assetcatalog; path = Assets.xcassets; sourceTree = "<group>"; };
		08CD70421DACFA9A00E863F8 /* Base */ = {isa = PBXFileReference; lastKnownFileType = file.storyboard; name = Base; path = Base.lproj/LaunchScreen.storyboard; sourceTree = "<group>"; };
		08CD70441DACFA9A00E863F8 /* Info.plist */ = {isa = PBXFileReference; lastKnownFileType = text.plist.xml; path = Info.plist; sourceTree = "<group>"; };
		08CD704F1DACFC3100E863F8 /* My_CSViewController.swift */ = {isa = PBXFileReference; fileEncoding = 4; lastKnownFileType = sourcecode.swift; path = My_CSViewController.swift; sourceTree = "<group>"; };
		08CD70511DACFC5B00E863F8 /* My_CSLoginViewController.swift */ = {isa = PBXFileReference; fileEncoding = 4; lastKnownFileType = sourcecode.swift; path = My_CSLoginViewController.swift; sourceTree = "<group>"; };
		08CD70531DACFC7000E863F8 /* My_CSResgerViewController.swift */ = {isa = PBXFileReference; fileEncoding = 4; lastKnownFileType = sourcecode.swift; path = My_CSResgerViewController.swift; sourceTree = "<group>"; };
		08CD70551DACFE0600E863F8 /* My_CSHomeViewController.swift */ = {isa = PBXFileReference; fileEncoding = 4; lastKnownFileType = sourcecode.swift; path = My_CSHomeViewController.swift; sourceTree = "<group>"; };
		08CD70571DACFE5400E863F8 /* My_CSMessageViewController.swift */ = {isa = PBXFileReference; fileEncoding = 4; lastKnownFileType = sourcecode.swift; path = My_CSMessageViewController.swift; sourceTree = "<group>"; };
		08D6459A1DAD066000D64011 /* My_UITextField.swift */ = {isa = PBXFileReference; fileEncoding = 4; lastKnownFileType = sourcecode.swift; path = My_UITextField.swift; sourceTree = "<group>"; };
		41B4600ACE8C451CB7B3B76E /* Pods-MyCodeShare.release.xcconfig */ = {isa = PBXFileReference; includeInIndex = 1; lastKnownFileType = text.xcconfig; name = "Pods-MyCodeShare.release.xcconfig"; path = "Pods/Target Support Files/Pods-MyCodeShare/Pods-MyCodeShare.release.xcconfig"; sourceTree = "<group>"; };
		C04EB73B1E4D3A535C6DB987 /* Pods-MyCodeShare.debug.xcconfig */ = {isa = PBXFileReference; includeInIndex = 1; lastKnownFileType = text.xcconfig; name = "Pods-MyCodeShare.debug.xcconfig"; path = "Pods/Target Support Files/Pods-MyCodeShare/Pods-MyCodeShare.debug.xcconfig"; sourceTree = "<group>"; };
/* End PBXFileReference section */

/* Begin PBXFrameworksBuildPhase section */
		08CD70321DACFA9900E863F8 /* Frameworks */ = {
			isa = PBXFrameworksBuildPhase;
			buildActionMask = 2147483647;
			files = (
				67BFF89B279DE847F28F5824 /* Pods_MyCodeShare.framework in Frameworks */,
			);
			runOnlyForDeploymentPostprocessing = 0;
		};
/* End PBXFrameworksBuildPhase section */

/* Begin PBXGroup section */
		08CD702C1DACFA9900E863F8 = {
			isa = PBXGroup;
			children = (
				08CD70371DACFA9A00E863F8 /* MyCodeShare */,
				08CD70361DACFA9900E863F8 /* Products */,
				963895A32C46B754F3CC9828 /* Pods */,
				A5AF64826B0E0FD296FDA7E2 /* Frameworks */,
			);
			sourceTree = "<group>";
		};
		08CD70361DACFA9900E863F8 /* Products */ = {
			isa = PBXGroup;
			children = (
				08CD70351DACFA9900E863F8 /* MyCodeShare.app */,
			);
			name = Products;
			sourceTree = "<group>";
		};
		08CD70371DACFA9A00E863F8 /* MyCodeShare */ = {
			isa = PBXGroup;
			children = (
				08D645991DAD062000D64011 /* extension */,
				08CD704C1DACFB9000E863F8 /* Controller */,
				08CD704B1DACFB8200E863F8 /* View */,
				08CD704A1DACFB7A00E863F8 /* Model */,
				08CD70381DACFA9A00E863F8 /* AppDelegate.swift */,
				08CD703A1DACFA9A00E863F8 /* ViewController.swift */,
				08CD703C1DACFA9A00E863F8 /* Main.storyboard */,
				08CD703F1DACFA9A00E863F8 /* Assets.xcassets */,
				08CD70411DACFA9A00E863F8 /* LaunchScreen.storyboard */,
				08CD70441DACFA9A00E863F8 /* Info.plist */,
			);
			path = MyCodeShare;
			sourceTree = "<group>";
		};
		08CD704A1DACFB7A00E863F8 /* Model */ = {
			isa = PBXGroup;
			children = (
			);
			name = Model;
			sourceTree = "<group>";
		};
		08CD704B1DACFB8200E863F8 /* View */ = {
			isa = PBXGroup;
			children = (
			);
			name = View;
			sourceTree = "<group>";
		};
		08CD704C1DACFB9000E863F8 /* Controller */ = {
			isa = PBXGroup;
			children = (
				08CD704F1DACFC3100E863F8 /* My_CSViewController.swift */,
				08CD70571DACFE5400E863F8 /* My_CSMessageViewController.swift */,
				08CD70511DACFC5B00E863F8 /* My_CSLoginViewController.swift */,
				08CD70531DACFC7000E863F8 /* My_CSResgerViewController.swift */,
				08CD70551DACFE0600E863F8 /* My_CSHomeViewController.swift */,
			);
			name = Controller;
			sourceTree = "<group>";
		};
		08D645991DAD062000D64011 /* extension */ = {
			isa = PBXGroup;
			children = (
				08D6459A1DAD066000D64011 /* My_UITextField.swift */,
			);
			name = extension;
			sourceTree = "<group>";
		};
		963895A32C46B754F3CC9828 /* Pods */ = {
			isa = PBXGroup;
			children = (
				C04EB73B1E4D3A535C6DB987 /* Pods-MyCodeShare.debug.xcconfig */,
				41B4600ACE8C451CB7B3B76E /* Pods-MyCodeShare.release.xcconfig */,
			);
			name = Pods;
			sourceTree = "<group>";
		};
		A5AF64826B0E0FD296FDA7E2 /* Frameworks */ = {
			isa = PBXGroup;
			children = (
				01FCA19FF7E4E3CFC5326EEC /* Pods_MyCodeShare.framework */,
			);
			name = Frameworks;
			sourceTree = "<group>";
		};
/* End PBXGroup section */

/* Begin PBXNativeTarget section */
		08CD70341DACFA9900E863F8 /* MyCodeShare */ = {
			isa = PBXNativeTarget;
			buildConfigurationList = 08CD70471DACFA9A00E863F8 /* Build configuration list for PBXNativeTarget "MyCodeShare" */;
			buildPhases = (
				DC0827AEC7259D68148B09A4 /* [CP] Check Pods Manifest.lock */,
				08CD70311DACFA9900E863F8 /* Sources */,
				08CD70321DACFA9900E863F8 /* Frameworks */,
				08CD70331DACFA9900E863F8 /* Resources */,
				305942A01787EA4E4F22D6CF /* [CP] Embed Pods Frameworks */,
				260C8654929939602DB594D9 /* [CP] Copy Pods Resources */,
			);
			buildRules = (
			);
			dependencies = (
			);
			name = MyCodeShare;
			productName = MyCodeShare;
			productReference = 08CD70351DACFA9900E863F8 /* MyCodeShare.app */;
			productType = "com.apple.product-type.application";
		};
/* End PBXNativeTarget section */

/* Begin PBXProject section */
		08CD702D1DACFA9900E863F8 /* Project object */ = {
			isa = PBXProject;
			attributes = {
				LastSwiftUpdateCheck = 0730;
				LastUpgradeCheck = 0730;
				ORGANIZATIONNAME = AnChar;
				TargetAttributes = {
					08CD70341DACFA9900E863F8 = {
						CreatedOnToolsVersion = 7.3.1;
					};
				};
			};
			buildConfigurationList = 08CD70301DACFA9900E863F8 /* Build configuration list for PBXProject "MyCodeShare" */;
			compatibilityVersion = "Xcode 3.2";
			developmentRegion = English;
			hasScannedForEncodings = 0;
			knownRegions = (
				en,
				Base,
			);
			mainGroup = 08CD702C1DACFA9900E863F8;
			productRefGroup = 08CD70361DACFA9900E863F8 /* Products */;
			projectDirPath = "";
			projectRoot = "";
			targets = (
				08CD70341DACFA9900E863F8 /* MyCodeShare */,
			);
		};
/* End PBXProject section */

/* Begin PBXResourcesBuildPhase section */
		08CD70331DACFA9900E863F8 /* Resources */ = {
			isa = PBXResourcesBuildPhase;
			buildActionMask = 2147483647;
			files = (
				08CD70431DACFA9A00E863F8 /* LaunchScreen.storyboard in Resources */,
				08CD70401DACFA9A00E863F8 /* Assets.xcassets in Resources */,
				08CD703E1DACFA9A00E863F8 /* Main.storyboard in Resources */,
			);
			runOnlyForDeploymentPostprocessing = 0;
		};
/* End PBXResourcesBuildPhase section */

/* Begin PBXShellScriptBuildPhase section */
		260C8654929939602DB594D9 /* [CP] Copy Pods Resources */ = {
			isa = PBXShellScriptBuildPhase;
			buildActionMask = 2147483647;
			files = (
			);
			inputPaths = (
			);
			name = "[CP] Copy Pods Resources";
			outputPaths = (
			);
			runOnlyForDeploymentPostprocessing = 0;
			shellPath = /bin/sh;
			shellScript = "\"${SRCROOT}/Pods/Target Support Files/Pods-MyCodeShare/Pods-MyCodeShare-resources.sh\"\n";
			showEnvVarsInLog = 0;
		};
		305942A01787EA4E4F22D6CF /* [CP] Embed Pods Frameworks */ = {
			isa = PBXShellScriptBuildPhase;
			buildActionMask = 2147483647;
			files = (
			);
			inputPaths = (
			);
			name = "[CP] Embed Pods Frameworks";
			outputPaths = (
			);
			runOnlyForDeploymentPostprocessing = 0;
			shellPath = /bin/sh;
			shellScript = "\"${SRCROOT}/Pods/Target Support Files/Pods-MyCodeShare/Pods-MyCodeShare-frameworks.sh\"\n";
			showEnvVarsInLog = 0;
		};
		DC0827AEC7259D68148B09A4 /* [CP] Check Pods Manifest.lock */ = {
			isa = PBXShellScriptBuildPhase;
			buildActionMask = 2147483647;
			files = (
			);
			inputPaths = (
			);
			name = "[CP] Check Pods Manifest.lock";
			outputPaths = (
			);
			runOnlyForDeploymentPostprocessing = 0;
			shellPath = /bin/sh;
			shellScript = "diff \"${PODS_ROOT}/../Podfile.lock\" \"${PODS_ROOT}/Manifest.lock\" > /dev/null\nif [[ $? != 0 ]] ; then\n    cat << EOM\nerror: The sandbox is not in sync with the Podfile.lock. Run 'pod install' or update your CocoaPods installation.\nEOM\n    exit 1\nfi\n";
			showEnvVarsInLog = 0;
		};
/* End PBXShellScriptBuildPhase section */

/* Begin PBXSourcesBuildPhase section */
		08CD70311DACFA9900E863F8 /* Sources */ = {
			isa = PBXSourcesBuildPhase;
			buildActionMask = 2147483647;
			files = (
				08CD70521DACFC5B00E863F8 /* My_CSLoginViewController.swift in Sources */,
				08CD703B1DACFA9A00E863F8 /* ViewController.swift in Sources */,
				08CD70541DACFC7000E863F8 /* My_CSResgerViewController.swift in Sources */,
				08D6459B1DAD066000D64011 /* My_UITextField.swift in Sources */,
				08CD70501DACFC3100E863F8 /* My_CSViewController.swift in Sources */,
				08CD70391DACFA9A00E863F8 /* AppDelegate.swift in Sources */,
				08CD70561DACFE0600E863F8 /* My_CSHomeViewController.swift in Sources */,
				08CD70581DACFE5400E863F8 /* My_CSMessageViewController.swift in Sources */,
			);
			runOnlyForDeploymentPostprocessing = 0;
		};
/* End PBXSourcesBuildPhase section */

/* Begin PBXVariantGroup section */
		08CD703C1DACFA9A00E863F8 /* Main.storyboard */ = {
			isa = PBXVariantGroup;
			children = (
				08CD703D1DACFA9A00E863F8 /* Base */,
			);
			name = Main.storyboard;
			sourceTree = "<group>";
		};
		08CD70411DACFA9A00E863F8 /* LaunchScreen.storyboard */ = {
			isa = PBXVariantGroup;
			children = (
				08CD70421DACFA9A00E863F8 /* Base */,
			);
			name = LaunchScreen.storyboard;
			sourceTree = "<group>";
		};
/* End PBXVariantGroup section */

/* Begin XCBuildConfiguration section */
		08CD70451DACFA9A00E863F8 /* Debug */ = {
			isa = XCBuildConfiguration;
			buildSettings = {
				ALWAYS_SEARCH_USER_PATHS = NO;
				CLANG_ANALYZER_NONNULL = YES;
				CLANG_CXX_LANGUAGE_STANDARD = "gnu++0x";
				CLANG_CXX_LIBRARY = "libc++";
				CLANG_ENABLE_MODULES = YES;
				CLANG_ENABLE_OBJC_ARC = YES;
				CLANG_WARN_BOOL_CONVERSION = YES;
				CLANG_WARN_CONSTANT_CONVERSION = YES;
				CLANG_WARN_DIRECT_OBJC_ISA_USAGE = YES_ERROR;
				CLANG_WARN_EMPTY_BODY = YES;
				CLANG_WARN_ENUM_CONVERSION = YES;
				CLANG_WARN_INT_CONVERSION = YES;
				CLANG_WARN_OBJC_ROOT_CLASS = YES_ERROR;
				CLANG_WARN_UNREACHABLE_CODE = YES;
				CLANG_WARN__DUPLICATE_METHOD_MATCH = YES;
				"CODE_SIGN_IDENTITY[sdk=iphoneos*]" = "iPhone Developer";
				COPY_PHASE_STRIP = NO;
				DEBUG_INFORMATION_FORMAT = dwarf;
				ENABLE_STRICT_OBJC_MSGSEND = YES;
				ENABLE_TESTABILITY = YES;
				GCC_C_LANGUAGE_STANDARD = gnu99;
				GCC_DYNAMIC_NO_PIC = NO;
				GCC_NO_COMMON_BLOCKS = YES;
				GCC_OPTIMIZATION_LEVEL = 0;
				GCC_PREPROCESSOR_DEFINITIONS = (
					"DEBUG=1",
					"$(inherited)",
				);
				GCC_WARN_64_TO_32_BIT_CONVERSION = YES;
				GCC_WARN_ABOUT_RETURN_TYPE = YES_ERROR;
				GCC_WARN_UNDECLARED_SELECTOR = YES;
				GCC_WARN_UNINITIALIZED_AUTOS = YES_AGGRESSIVE;
				GCC_WARN_UNUSED_FUNCTION = YES;
				GCC_WARN_UNUSED_VARIABLE = YES;
				IPHONEOS_DEPLOYMENT_TARGET = 9.3;
				MTL_ENABLE_DEBUG_INFO = YES;
				ONLY_ACTIVE_ARCH = YES;
				SDKROOT = iphoneos;
				SWIFT_OPTIMIZATION_LEVEL = "-Onone";
			};
			name = Debug;
		};
		08CD70461DACFA9A00E863F8 /* Release */ = {
			isa = XCBuildConfiguration;
			buildSettings = {
				ALWAYS_SEARCH_USER_PATHS = NO;
				CLANG_ANALYZER_NONNULL = YES;
				CLANG_CXX_LANGUAGE_STANDARD = "gnu++0x";
				CLANG_CXX_LIBRARY = "libc++";
				CLANG_ENABLE_MODULES = YES;
				CLANG_ENABLE_OBJC_ARC = YES;
				CLANG_WARN_BOOL_CONVERSION = YES;
				CLANG_WARN_CONSTANT_CONVERSION = YES;
				CLANG_WARN_DIRECT_OBJC_ISA_USAGE = YES_ERROR;
				CLANG_WARN_EMPTY_BODY = YES;
				CLANG_WARN_ENUM_CONVERSION = YES;
				CLANG_WARN_INT_CONVERSION = YES;
				CLANG_WARN_OBJC_ROOT_CLASS = YES_ERROR;
				CLANG_WARN_UNREACHABLE_CODE = YES;
				CLANG_WARN__DUPLICATE_METHOD_MATCH = YES;
				"CODE_SIGN_IDENTITY[sdk=iphoneos*]" = "iPhone Developer";
				COPY_PHASE_STRIP = NO;
				DEBUG_INFORMATION_FORMAT = "dwarf-with-dsym";
				ENABLE_NS_ASSERTIONS = NO;
				ENABLE_STRICT_OBJC_MSGSEND = YES;
				GCC_C_LANGUAGE_STANDARD = gnu99;
				GCC_NO_COMMON_BLOCKS = YES;
				GCC_WARN_64_TO_32_BIT_CONVERSION = YES;
				GCC_WARN_ABOUT_RETURN_TYPE = YES_ERROR;
				GCC_WARN_UNDECLARED_SELECTOR = YES;
				GCC_WARN_UNINITIALIZED_AUTOS = YES_AGGRESSIVE;
				GCC_WARN_UNUSED_FUNCTION = YES;
				GCC_WARN_UNUSED_VARIABLE = YES;
				IPHONEOS_DEPLOYMENT_TARGET = 9.3;
				MTL_ENABLE_DEBUG_INFO = NO;
				SDKROOT = iphoneos;
				VALIDATE_PRODUCT = YES;
			};
			name = Release;
		};
		08CD70481DACFA9A00E863F8 /* Debug */ = {
			isa = XCBuildConfiguration;
			baseConfigurationReference = C04EB73B1E4D3A535C6DB987 /* Pods-MyCodeShare.debug.xcconfig */;
			buildSettings = {
				ASSETCATALOG_COMPILER_APPICON_NAME = AppIcon;
				INFOPLIST_FILE = MyCodeShare/Info.plist;
				LD_RUNPATH_SEARCH_PATHS = "$(inherited) @executable_path/Frameworks";
				PRODUCT_BUNDLE_IDENTIFIER = com.xiaoGuoGe.MyCodeShare;
				PRODUCT_NAME = "$(TARGET_NAME)";
			};
			name = Debug;
		};
		08CD70491DACFA9A00E863F8 /* Release */ = {
			isa = XCBuildConfiguration;
			baseConfigurationReference = 41B4600ACE8C451CB7B3B76E /* Pods-MyCodeShare.release.xcconfig */;
			buildSettings = {
				ASSETCATALOG_COMPILER_APPICON_NAME = AppIcon;
				INFOPLIST_FILE = MyCodeShare/Info.plist;
				LD_RUNPATH_SEARCH_PATHS = "$(inherited) @executable_path/Frameworks";
				PRODUCT_BUNDLE_IDENTIFIER = com.xiaoGuoGe.MyCodeShare;
				PRODUCT_NAME = "$(TARGET_NAME)";
			};
			name = Release;
		};
/* End XCBuildConfiguration section */

/* Begin XCConfigurationList section */
		08CD70301DACFA9900E863F8 /* Build configuration list for PBXProject "MyCodeShare" */ = {
			isa = XCConfigurationList;
			buildConfigurations = (
				08CD70451DACFA9A00E863F8 /* Debug */,
				08CD70461DACFA9A00E863F8 /* Release */,
			);
			defaultConfigurationIsVisible = 0;
			defaultConfigurationName = Release;
		};
		08CD70471DACFA9A00E863F8 /* Build configuration list for PBXNativeTarget "MyCodeShare" */ = {
			isa = XCConfigurationList;
			buildConfigurations = (
				08CD70481DACFA9A00E863F8 /* Debug */,
				08CD70491DACFA9A00E863F8 /* Release */,
			);
			defaultConfigurationIsVisible = 0;
			defaultConfigurationName = Release;
		};
/* End XCConfigurationList section */
	};
	rootObject = 08CD702D1DACFA9900E863F8 /* Project object */;
}
